
Microsoft Visual Studio Solution File, Format Version 12.00
# Visual Studio Version 17
VisualStudioVersion = 17.0.32014.148
MinimumVisualStudioVersion = 10.0.40219.1
Project("{9A19103F-16F7-4668-BE54-9A1E7A4F7556}") = "BettingDataProvider", "BettingDataProvider.csproj", "{B091BE2F-AF8D-4F31-8D61-4B0A107BA925}"
EndProject
Project("{2150E333-8FDC-42A3-9474-1A3956D46DE8}") = "Solution Items", "Solution Items", "{C2E078DD-3B56-4313-84AA-C2FD99FA83F6}"
	ProjectSection(SolutionItems) = preProject
		.editorconfig = .editorconfig
	EndProjectSection
EndProject
Global
	GlobalSection(SolutionConfigurationPlatforms) = preSolution
		Debug|Any CPU = Debug|Any CPU
		Release|Any CPU = Release|Any CPU
	EndGlobalSection
	GlobalSection(ProjectConfigurationPlatforms) = postSolution
		{B091BE2F-AF8D-4F31-8D61-4B0A107BA925}.Debug|Any CPU.ActiveCfg = Debug|Any CPU
		{B091BE2F-AF8D-4F31-8D61-4B0A107BA925}.Debug|Any CPU.Build.0 = Debug|Any CPU
		{B091BE2F-AF8D-4F31-8D61-4B0A107BA925}.Release|Any CPU.ActiveCfg = Release|Any CPU
		{B091BE2F-AF8D-4F31-8D61-4B0A107BA925}.Release|Any CPU.Build.0 = Release|Any CPU
	EndGlobalSection
	GlobalSection(SolutionProperties) = preSolution
		HideSolutionNode = FALSE
	EndGlobalSection
	GlobalSection(ExtensibilityGlobals) = postSolution
		SolutionGuid = {C45AC9A3-72D8-4EA3-A235-78C740C5A011}
	EndGlobalSection
EndGlobal
